// !$*UTF8*$!
{
	archiveVersion = 1;
	classes = {
	};
	objectVersion = 50;
	objects = {

/* Begin PBXBuildFile section */
		6929091F21E870810021B3FE /* AppDelegate.swift in Sources */ = {isa = PBXBuildFile; fileRef = 6929091E21E870810021B3FE /* AppDelegate.swift */; };
		6929092121E870810021B3FE /* ViewController.swift in Sources */ = {isa = PBXBuildFile; fileRef = 6929092021E870810021B3FE /* ViewController.swift */; };
		6929092421E870810021B3FE /* Main.storyboard in Resources */ = {isa = PBXBuildFile; fileRef = 6929092221E870810021B3FE /* Main.storyboard */; };
		6929092721E870810021B3FE /* ScreenSaver.xcdatamodeld in Sources */ = {isa = PBXBuildFile; fileRef = 6929092521E870810021B3FE /* ScreenSaver.xcdatamodeld */; };
		6929092921E870830021B3FE /* Assets.xcassets in Resources */ = {isa = PBXBuildFile; fileRef = 6929092821E870830021B3FE /* Assets.xcassets */; };
		6929092C21E870830021B3FE /* LaunchScreen.storyboard in Resources */ = {isa = PBXBuildFile; fileRef = 6929092A21E870830021B3FE /* LaunchScreen.storyboard */; };
		6929093721E870830021B3FE /* ScreenSaverTests.swift in Sources */ = {isa = PBXBuildFile; fileRef = 6929093621E870830021B3FE /* ScreenSaverTests.swift */; };
		6929094221E870830021B3FE /* ScreenSaverUITests.swift in Sources */ = {isa = PBXBuildFile; fileRef = 6929094121E870830021B3FE /* ScreenSaverUITests.swift */; };
/* End PBXBuildFile section */

/* Begin PBXContainerItemProxy section */
		6929093321E870830021B3FE /* PBXContainerItemProxy */ = {
			isa = PBXContainerItemProxy;
			containerPortal = 6929091321E870810021B3FE /* Project object */;
			proxyType = 1;
			remoteGlobalIDString = 6929091A21E870810021B3FE;
			remoteInfo = ScreenSaver;
		};
		6929093E21E870830021B3FE /* PBXContainerItemProxy */ = {
			isa = PBXContainerItemProxy;
			containerPortal = 6929091321E870810021B3FE /* Project object */;
			proxyType = 1;
			remoteGlobalIDString = 6929091A21E870810021B3FE;
			remoteInfo = ScreenSaver;
		};
/* End PBXContainerItemProxy section */

/* Begin PBXFileReference section */
		6929091B21E870810021B3FE /* ScreenSaver.app */ = {isa = PBXFileReference; explicitFileType = wrapper.application; includeInIndex = 0; path = ScreenSaver.app; sourceTree = BUILT_PRODUCTS_DIR; };
		6929091E21E870810021B3FE /* AppDelegate.swift */ = {isa = PBXFileReference; lastKnownFileType = sourcecode.swift; path = AppDelegate.swift; sourceTree = "<group>"; };
		6929092021E870810021B3FE /* ViewController.swift */ = {isa = PBXFileReference; lastKnownFileType = sourcecode.swift; path = ViewController.swift; sourceTree = "<group>"; };
		6929092321E870810021B3FE /* Base */ = {isa = PBXFileReference; lastKnownFileType = file.storyboard; name = Base; path = Base.lproj/Main.storyboard; sourceTree = "<group>"; };
		6929092621E870810021B3FE /* ScreenSaver.xcdatamodel */ = {isa = PBXFileReference; lastKnownFileType = wrapper.xcdatamodel; path = ScreenSaver.xcdatamodel; sourceTree = "<group>"; };
		6929092821E870830021B3FE /* Assets.xcassets */ = {isa = PBXFileReference; lastKnownFileType = folder.assetcatalog; path = Assets.xcassets; sourceTree = "<group>"; };
		6929092B21E870830021B3FE /* Base */ = {isa = PBXFileReference; lastKnownFileType = file.storyboard; name = Base; path = Base.lproj/LaunchScreen.storyboard; sourceTree = "<group>"; };
		6929092D21E870830021B3FE /* Info.plist */ = {isa = PBXFileReference; lastKnownFileType = text.plist.xml; path = Info.plist; sourceTree = "<group>"; };
		6929093221E870830021B3FE /* ScreenSaverTests.xctest */ = {isa = PBXFileReference; explicitFileType = wrapper.cfbundle; includeInIndex = 0; path = ScreenSaverTests.xctest; sourceTree = BUILT_PRODUCTS_DIR; };
		6929093621E870830021B3FE /* ScreenSaverTests.swift */ = {isa = PBXFileReference; lastKnownFileType = sourcecode.swift; path = ScreenSaverTests.swift; sourceTree = "<group>"; };
		6929093821E870830021B3FE /* Info.plist */ = {isa = PBXFileReference; lastKnownFileType = text.plist.xml; path = Info.plist; sourceTree = "<group>"; };
		6929093D21E870830021B3FE /* ScreenSaverUITests.xctest */ = {isa = PBXFileReference; explicitFileType = wrapper.cfbundle; includeInIndex = 0; path = ScreenSaverUITests.xctest; sourceTree = BUILT_PRODUCTS_DIR; };
		6929094121E870830021B3FE /* ScreenSaverUITests.swift */ = {isa = PBXFileReference; lastKnownFileType = sourcecode.swift; path = ScreenSaverUITests.swift; sourceTree = "<group>"; };
		6929094321E870830021B3FE /* Info.plist */ = {isa = PBXFileReference; lastKnownFileType = text.plist.xml; path = Info.plist; sourceTree = "<group>"; };
/* End PBXFileReference section */

/* Begin PBXFrameworksBuildPhase section */
		6929091821E870810021B3FE /* Frameworks */ = {
			isa = PBXFrameworksBuildPhase;
			buildActionMask = 2147483647;
			files = (
			);
			runOnlyForDeploymentPostprocessing = 0;
		};
		6929092F21E870830021B3FE /* Frameworks */ = {
			isa = PBXFrameworksBuildPhase;
			buildActionMask = 2147483647;
			files = (
			);
			runOnlyForDeploymentPostprocessing = 0;
		};
		6929093A21E870830021B3FE /* Frameworks */ = {
			isa = PBXFrameworksBuildPhase;
			buildActionMask = 2147483647;
			files = (
			);
			runOnlyForDeploymentPostprocessing = 0;
		};
/* End PBXFrameworksBuildPhase section */

/* Begin PBXGroup section */
		6929091221E870810021B3FE = {
			isa = PBXGroup;
			children = (
				6929091D21E870810021B3FE /* ScreenSaver */,
				6929093521E870830021B3FE /* ScreenSaverTests */,
				6929094021E870830021B3FE /* ScreenSaverUITests */,
				6929091C21E870810021B3FE /* Products */,
			);
			sourceTree = "<group>";
		};
		6929091C21E870810021B3FE /* Products */ = {
			isa = PBXGroup;
			children = (
				6929091B21E870810021B3FE /* ScreenSaver.app */,
				6929093221E870830021B3FE /* ScreenSaverTests.xctest */,
				6929093D21E870830021B3FE /* ScreenSaverUITests.xctest */,
			);
			name = Products;
			sourceTree = "<group>";
		};
		6929091D21E870810021B3FE /* ScreenSaver */ = {
			isa = PBXGroup;
			children = (
				6929092A21E870830021B3FE /* LaunchScreen.storyboard */,
				6929092221E870810021B3FE /* Main.storyboard */,
				6929091E21E870810021B3FE /* AppDelegate.swift */,
				6929092021E870810021B3FE /* ViewController.swift */,
				6929092821E870830021B3FE /* Assets.xcassets */,
				6929092D21E870830021B3FE /* Info.plist */,
				6929092521E870810021B3FE /* ScreenSaver.xcdatamodeld */,
			);
			path = ScreenSaver;
			sourceTree = "<group>";
		};
		6929093521E870830021B3FE /* ScreenSaverTests */ = {
			isa = PBXGroup;
			children = (
				6929093621E870830021B3FE /* ScreenSaverTests.swift */,
				6929093821E870830021B3FE /* Info.plist */,
			);
			path = ScreenSaverTests;
			sourceTree = "<group>";
		};
		6929094021E870830021B3FE /* ScreenSaverUITests */ = {
			isa = PBXGroup;
			children = (
				6929094121E870830021B3FE /* ScreenSaverUITests.swift */,
				6929094321E870830021B3FE /* Info.plist */,
			);
			path = ScreenSaverUITests;
			sourceTree = "<group>";
		};
/* End PBXGroup section */

/* Begin PBXNativeTarget section */
		6929091A21E870810021B3FE /* ScreenSaver */ = {
			isa = PBXNativeTarget;
			buildConfigurationList = 6929094621E870830021B3FE /* Build configuration list for PBXNativeTarget "ScreenSaver" */;
			buildPhases = (
				6929091721E870810021B3FE /* Sources */,
				6929091821E870810021B3FE /* Frameworks */,
				6929091921E870810021B3FE /* Resources */,
			);
			buildRules = (
			);
			dependencies = (
			);
			name = ScreenSaver;
			productName = ScreenSaver;
			productReference = 6929091B21E870810021B3FE /* ScreenSaver.app */;
			productType = "com.apple.product-type.application";
		};
		6929093121E870830021B3FE /* ScreenSaverTests */ = {
			isa = PBXNativeTarget;
			buildConfigurationList = 6929094921E870830021B3FE /* Build configuration list for PBXNativeTarget "ScreenSaverTests" */;
			buildPhases = (
				6929092E21E870830021B3FE /* Sources */,
				6929092F21E870830021B3FE /* Frameworks */,
				6929093021E870830021B3FE /* Resources */,
			);
			buildRules = (
			);
			dependencies = (
				6929093421E870830021B3FE /* PBXTargetDependency */,
			);
			name = ScreenSaverTests;
			productName = ScreenSaverTests;
			productReference = 6929093221E870830021B3FE /* ScreenSaverTests.xctest */;
			productType = "com.apple.product-type.bundle.unit-test";
		};
		6929093C21E870830021B3FE /* ScreenSaverUITests */ = {
			isa = PBXNativeTarget;
			buildConfigurationList = 6929094C21E870830021B3FE /* Build configuration list for PBXNativeTarget "ScreenSaverUITests" */;
			buildPhases = (
				6929093921E870830021B3FE /* Sources */,
				6929093A21E870830021B3FE /* Frameworks */,
				6929093B21E870830021B3FE /* Resources */,
			);
			buildRules = (
			);
			dependencies = (
				6929093F21E870830021B3FE /* PBXTargetDependency */,
			);
			name = ScreenSaverUITests;
			productName = ScreenSaverUITests;
			productReference = 6929093D21E870830021B3FE /* ScreenSaverUITests.xctest */;
			productType = "com.apple.product-type.bundle.ui-testing";
		};
/* End PBXNativeTarget section */

/* Begin PBXProject section */
		6929091321E870810021B3FE /* Project object */ = {
			isa = PBXProject;
			attributes = {
				LastSwiftUpdateCheck = 1010;
				LastUpgradeCheck = 1010;
				ORGANIZATIONNAME = "Hyeonuk Jeong";
				TargetAttributes = {
					6929091A21E870810021B3FE = {
						CreatedOnToolsVersion = 10.1;
					};
					6929093121E870830021B3FE = {
						CreatedOnToolsVersion = 10.1;
						TestTargetID = 6929091A21E870810021B3FE;
					};
					6929093C21E870830021B3FE = {
						CreatedOnToolsVersion = 10.1;
						TestTargetID = 6929091A21E870810021B3FE;
					};
				};
			};
			buildConfigurationList = 6929091621E870810021B3FE /* Build configuration list for PBXProject "ScreenSaver" */;
			compatibilityVersion = "Xcode 9.3";
			developmentRegion = en;
			hasScannedForEncodings = 0;
			knownRegions = (
				en,
				Base,
			);
			mainGroup = 6929091221E870810021B3FE;
			productRefGroup = 6929091C21E870810021B3FE /* Products */;
			projectDirPath = "";
			projectRoot = "";
			targets = (
				6929091A21E870810021B3FE /* ScreenSaver */,
				6929093121E870830021B3FE /* ScreenSaverTests */,
				6929093C21E870830021B3FE /* ScreenSaverUITests */,
			);
		};
/* End PBXProject section */

/* Begin PBXResourcesBuildPhase section */
		6929091921E870810021B3FE /* Resources */ = {
			isa = PBXResourcesBuildPhase;
			buildActionMask = 2147483647;
			files = (
				6929092C21E870830021B3FE /* LaunchScreen.storyboard in Resources */,
				6929092921E870830021B3FE /* Assets.xcassets in Resources */,
				6929092421E870810021B3FE /* Main.storyboard in Resources */,
			);
			runOnlyForDeploymentPostprocessing = 0;
		};
		6929093021E870830021B3FE /* Resources */ = {
			isa = PBXResourcesBuildPhase;
			buildActionMask = 2147483647;
			files = (
			);
			runOnlyForDeploymentPostprocessing = 0;
		};
		6929093B21E870830021B3FE /* Resources */ = {
			isa = PBXResourcesBuildPhase;
			buildActionMask = 2147483647;
			files = (
			);
			runOnlyForDeploymentPostprocessing = 0;
		};
/* End PBXResourcesBuildPhase section */

/* Begin PBXSourcesBuildPhase section */
		6929091721E870810021B3FE /* Sources */ = {
			isa = PBXSourcesBuildPhase;
			buildActionMask = 2147483647;
			files = (
				6929092121E870810021B3FE /* ViewController.swift in Sources */,
				6929091F21E870810021B3FE /* AppDelegate.swift in Sources */,
				6929092721E870810021B3FE /* ScreenSaver.xcdatamodeld in Sources */,
			);
			runOnlyForDeploymentPostprocessing = 0;
		};
		6929092E21E870830021B3FE /* Sources */ = {
			isa = PBXSourcesBuildPhase;
			buildActionMask = 2147483647;
			files = (
				6929093721E870830021B3FE /* ScreenSaverTests.swift in Sources */,
			);
			runOnlyForDeploymentPostprocessing = 0;
		};
		6929093921E870830021B3FE /* Sources */ = {
			isa = PBXSourcesBuildPhase;
			buildActionMask = 2147483647;
			files = (
				6929094221E870830021B3FE /* ScreenSaverUITests.swift in Sources */,
			);
			runOnlyForDeploymentPostprocessing = 0;
		};
/* End PBXSourcesBuildPhase section */

/* Begin PBXTargetDependency section */
		6929093421E870830021B3FE /* PBXTargetDependency */ = {
			isa = PBXTargetDependency;
			target = 6929091A21E870810021B3FE /* ScreenSaver */;
			targetProxy = 6929093321E870830021B3FE /* PBXContainerItemProxy */;
		};
		6929093F21E870830021B3FE /* PBXTargetDependency */ = {
			isa = PBXTargetDependency;
			target = 6929091A21E870810021B3FE /* ScreenSaver */;
			targetProxy = 6929093E21E870830021B3FE /* PBXContainerItemProxy */;
		};
/* End PBXTargetDependency section */

/* Begin PBXVariantGroup section */
		6929092221E870810021B3FE /* Main.storyboard */ = {
			isa = PBXVariantGroup;
			children = (
				6929092321E870810021B3FE /* Base */,
			);
			name = Main.storyboard;
			sourceTree = "<group>";
		};
		6929092A21E870830021B3FE /* LaunchScreen.storyboard */ = {
			isa = PBXVariantGroup;
			children = (
				6929092B21E870830021B3FE /* Base */,
			);
			name = LaunchScreen.storyboard;
			sourceTree = "<group>";
		};
/* End PBXVariantGroup section */

/* Begin XCBuildConfiguration section */
		6929094421E870830021B3FE /* Debug */ = {
			isa = XCBuildConfiguration;
			buildSettings = {
				ALWAYS_SEARCH_USER_PATHS = NO;
				CLANG_ANALYZER_NONNULL = YES;
				CLANG_ANALYZER_NUMBER_OBJECT_CONVERSION = YES_AGGRESSIVE;
				CLANG_CXX_LANGUAGE_STANDARD = "gnu++14";
				CLANG_CXX_LIBRARY = "libc++";
				CLANG_ENABLE_MODULES = YES;
				CLANG_ENABLE_OBJC_ARC = YES;
				CLANG_ENABLE_OBJC_WEAK = YES;
				CLANG_WARN_BLOCK_CAPTURE_AUTORELEASING = YES;
				CLANG_WARN_BOOL_CONVERSION = YES;
				CLANG_WARN_COMMA = YES;
				CLANG_WARN_CONSTANT_CONVERSION = YES;
				CLANG_WARN_DEPRECATED_OBJC_IMPLEMENTATIONS = YES;
				CLANG_WARN_DIRECT_OBJC_ISA_USAGE = YES_ERROR;
				CLANG_WARN_DOCUMENTATION_COMMENTS = YES;
				CLANG_WARN_EMPTY_BODY = YES;
				CLANG_WARN_ENUM_CONVERSION = YES;
				CLANG_WARN_INFINITE_RECURSION = YES;
				CLANG_WARN_INT_CONVERSION = YES;
				CLANG_WARN_NON_LITERAL_NULL_CONVERSION = YES;
				CLANG_WARN_OBJC_IMPLICIT_RETAIN_SELF = YES;
				CLANG_WARN_OBJC_LITERAL_CONVERSION = YES;
				CLANG_WARN_OBJC_ROOT_CLASS = YES_ERROR;
				CLANG_WARN_RANGE_LOOP_ANALYSIS = YES;
				CLANG_WARN_STRICT_PROTOTYPES = YES;
				CLANG_WARN_SUSPICIOUS_MOVE = YES;
				CLANG_WARN_UNGUARDED_AVAILABILITY = YES_AGGRESSIVE;
				CLANG_WARN_UNREACHABLE_CODE = YES;
				CLANG_WARN__DUPLICATE_METHOD_MATCH = YES;
				CODE_SIGN_IDENTITY = "iPhone Developer";
				COPY_PHASE_STRIP = NO;
				DEBUG_INFORMATION_FORMAT = dwarf;
				ENABLE_STRICT_OBJC_MSGSEND = YES;
				ENABLE_TESTABILITY = YES;
				GCC_C_LANGUAGE_STANDARD = gnu11;
				GCC_DYNAMIC_NO_PIC = NO;
				GCC_NO_COMMON_BLOCKS = YES;
				GCC_OPTIMIZATION_LEVEL = 0;
				GCC_PREPROCESSOR_DEFINITIONS = (
					"DEBUG=1",
					"$(inherited)",
				);
				GCC_WARN_64_TO_32_BIT_CONVERSION = YES;
				GCC_WARN_ABOUT_RETURN_TYPE = YES_ERROR;
				GCC_WARN_UNDECLARED_SELECTOR = YES;
				GCC_WARN_UNINITIALIZED_AUTOS = YES_AGGRESSIVE;
				GCC_WARN_UNUSED_FUNCTION = YES;
				GCC_WARN_UNUSED_VARIABLE = YES;
				IPHONEOS_DEPLOYMENT_TARGET = 12.1;
				MTL_ENABLE_DEBUG_INFO = INCLUDE_SOURCE;
				MTL_FAST_MATH = YES;
				ONLY_ACTIVE_ARCH = YES;
				SDKROOT = iphoneos;
				SWIFT_ACTIVE_COMPILATION_CONDITIONS = DEBUG;
				SWIFT_OPTIMIZATION_LEVEL = "-Onone";
			};
			name = Debug;
		};
		6929094521E870830021B3FE /* Release */ = {
			isa = XCBuildConfiguration;
			buildSettings = {
				ALWAYS_SEARCH_USER_PATHS = NO;
				CLANG_ANALYZER_NONNULL = YES;
				CLANG_ANALYZER_NUMBER_OBJECT_CONVERSION = YES_AGGRESSIVE;
				CLANG_CXX_LANGUAGE_STANDARD = "gnu++14";
				CLANG_CXX_LIBRARY = "libc++";
				CLANG_ENABLE_MODULES = YES;
				CLANG_ENABLE_OBJC_ARC = YES;
				CLANG_ENABLE_OBJC_WEAK = YES;
				CLANG_WARN_BLOCK_CAPTURE_AUTORELEASING = YES;
				CLANG_WARN_BOOL_CONVERSION = YES;
				CLANG_WARN_COMMA = YES;
				CLANG_WARN_CONSTANT_CONVERSION = YES;
				CLANG_WARN_DEPRECATED_OBJC_IMPLEMENTATIONS = YES;
				CLANG_WARN_DIRECT_OBJC_ISA_USAGE = YES_ERROR;
				CLANG_WARN_DOCUMENTATION_COMMENTS = YES;
				CLANG_WARN_EMPTY_BODY = YES;
				CLANG_WARN_ENUM_CONVERSION = YES;
				CLANG_WARN_INFINITE_RECURSION = YES;
				CLANG_WARN_INT_CONVERSION = YES;
				CLANG_WARN_NON_LITERAL_NULL_CONVERSION = YES;
				CLANG_WARN_OBJC_IMPLICIT_RETAIN_SELF = YES;
				CLANG_WARN_OBJC_LITERAL_CONVERSION = YES;
				CLANG_WARN_OBJC_ROOT_CLASS = YES_ERROR;
				CLANG_WARN_RANGE_LOOP_ANALYSIS = YES;
				CLANG_WARN_STRICT_PROTOTYPES = YES;
				CLANG_WARN_SUSPICIOUS_MOVE = YES;
				CLANG_WARN_UNGUARDED_AVAILABILITY = YES_AGGRESSIVE;
				CLANG_WARN_UNREACHABLE_CODE = YES;
				CLANG_WARN__DUPLICATE_METHOD_MATCH = YES;
				CODE_SIGN_IDENTITY = "iPhone Developer";
				COPY_PHASE_STRIP = NO;
				DEBUG_INFORMATION_FORMAT = "dwarf-with-dsym";
				ENABLE_NS_ASSERTIONS = NO;
				ENABLE_STRICT_OBJC_MSGSEND = YES;
				GCC_C_LANGUAGE_STANDARD = gnu11;
				GCC_NO_COMMON_BLOCKS = YES;
				GCC_WARN_64_TO_32_BIT_CONVERSION = YES;
				GCC_WARN_ABOUT_RETURN_TYPE = YES_ERROR;
				GCC_WARN_UNDECLARED_SELECTOR = YES;
				GCC_WARN_UNINITIALIZED_AUTOS = YES_AGGRESSIVE;
				GCC_WARN_UNUSED_FUNCTION = YES;
				GCC_WARN_UNUSED_VARIABLE = YES;
				IPHONEOS_DEPLOYMENT_TARGET = 12.1;
				MTL_ENABLE_DEBUG_INFO = NO;
				MTL_FAST_MATH = YES;
				SDKROOT = iphoneos;
				SWIFT_COMPILATION_MODE = wholemodule;
				SWIFT_OPTIMIZATION_LEVEL = "-O";
				VALIDATE_PRODUCT = YES;
			};
			name = Release;
		};
		6929094721E870830021B3FE /* Debug */ = {
			isa = XCBuildConfiguration;
			buildSettings = {
				ASSETCATALOG_COMPILER_APPICON_NAME = AppIcon;
				CODE_SIGN_STYLE = Automatic;
				DEVELOPMENT_TEAM = 55P5JBUW6Z;
				INFOPLIST_FILE = ScreenSaver/Info.plist;
				LD_RUNPATH_SEARCH_PATHS = (
					"$(inherited)",
					"@executable_path/Frameworks",
				);
				PRODUCT_BUNDLE_IDENTIFIER = com.hyeonuk.ScreenSaver;
				PRODUCT_NAME = "$(TARGET_NAME)";
				SWIFT_VERSION = 4.2;
				TARGETED_DEVICE_FAMILY = "1,2";
			};
			name = Debug;
		};
		6929094821E870830021B3FE /* Release */ = {
			isa = XCBuildConfiguration;
			buildSettings = {
				ASSETCATALOG_COMPILER_APPICON_NAME = AppIcon;
				CODE_SIGN_STYLE = Automatic;
				DEVELOPMENT_TEAM = 55P5JBUW6Z;
				INFOPLIST_FILE = ScreenSaver/Info.plist;
				LD_RUNPATH_SEARCH_PATHS = (
					"$(inherited)",
					"@executable_path/Frameworks",
				);
				PRODUCT_BUNDLE_IDENTIFIER = com.hyeonuk.ScreenSaver;
				PRODUCT_NAME = "$(TARGET_NAME)";
				SWIFT_VERSION = 4.2;
				TARGETED_DEVICE_FAMILY = "1,2";
			};
			name = Release;
		};
		6929094A21E870830021B3FE /* Debug */ = {
			isa = XCBuildConfiguration;
			buildSettings = {
				ALWAYS_EMBED_SWIFT_STANDARD_LIBRARIES = YES;
				BUNDLE_LOADER = "$(TEST_HOST)";
				CODE_SIGN_STYLE = Automatic;
				DEVELOPMENT_TEAM = 55P5JBUW6Z;
				INFOPLIST_FILE = ScreenSaverTests/Info.plist;
				LD_RUNPATH_SEARCH_PATHS = (
					"$(inherited)",
					"@executable_path/Frameworks",
					"@loader_path/Frameworks",
				);
				PRODUCT_BUNDLE_IDENTIFIER = com.hyeonuk.ScreenSaverTests;
				PRODUCT_NAME = "$(TARGET_NAME)";
				SWIFT_VERSION = 4.2;
				TARGETED_DEVICE_FAMILY = "1,2";
				TEST_HOST = "$(BUILT_PRODUCTS_DIR)/ScreenSaver.app/ScreenSaver";
			};
			name = Debug;
		};
		6929094B21E870830021B3FE /* Release */ = {
			isa = XCBuildConfiguration;
			buildSettings = {
				ALWAYS_EMBED_SWIFT_STANDARD_LIBRARIES = YES;
				BUNDLE_LOADER = "$(TEST_HOST)";
				CODE_SIGN_STYLE = Automatic;
				DEVELOPMENT_TEAM = 55P5JBUW6Z;
				INFOPLIST_FILE = ScreenSaverTests/Info.plist;
				LD_RUNPATH_SEARCH_PATHS = (
					"$(inherited)",
					"@executable_path/Frameworks",
					"@loader_path/Frameworks",
				);
				PRODUCT_BUNDLE_IDENTIFIER = com.hyeonuk.ScreenSaverTests;
				PRODUCT_NAME = "$(TARGET_NAME)";
				SWIFT_VERSION = 4.2;
				TARGETED_DEVICE_FAMILY = "1,2";
				TEST_HOST = "$(BUILT_PRODUCTS_DIR)/ScreenSaver.app/ScreenSaver";
			};
			name = Release;
		};
		6929094D21E870830021B3FE /* Debug */ = {
			isa = XCBuildConfiguration;
			buildSettings = {
				ALWAYS_EMBED_SWIFT_STANDARD_LIBRARIES = YES;
				CODE_SIGN_STYLE = Automatic;
				DEVELOPMENT_TEAM = 55P5JBUW6Z;
				INFOPLIST_FILE = ScreenSaverUITests/Info.plist;
				LD_RUNPATH_SEARCH_PATHS = (
					"$(inherited)",
					"@executable_path/Frameworks",
					"@loader_path/Frameworks",
				);
				PRODUCT_BUNDLE_IDENTIFIER = com.hyeonuk.ScreenSaverUITests;
				PRODUCT_NAME = "$(TARGET_NAME)";
				SWIFT_VERSION = 4.2;
				TARGETED_DEVICE_FAMILY = "1,2";
				TEST_TARGET_NAME = ScreenSaver;
			};
			name = Debug;
		};
		6929094E21E870830021B3FE /* Release */ = {
			isa = XCBuildConfiguration;
			buildSettings = {
				ALWAYS_EMBED_SWIFT_STANDARD_LIBRARIES = YES;
				CODE_SIGN_STYLE = Automatic;
				DEVELOPMENT_TEAM = 55P5JBUW6Z;
				INFOPLIST_FILE = ScreenSaverUITests/Info.plist;
				LD_RUNPATH_SEARCH_PATHS = (
					"$(inherited)",
					"@executable_path/Frameworks",
					"@loader_path/Frameworks",
				);
				PRODUCT_BUNDLE_IDENTIFIER = com.hyeonuk.ScreenSaverUITests;
				PRODUCT_NAME = "$(TARGET_NAME)";
				SWIFT_VERSION = 4.2;
				TARGETED_DEVICE_FAMILY = "1,2";
				TEST_TARGET_NAME = ScreenSaver;
			};
			name = Release;
		};
/* End XCBuildConfiguration section */

/* Begin XCConfigurationList section */
		6929091621E870810021B3FE /* Build configuration list for PBXProject "ScreenSaver" */ = {
			isa = XCConfigurationList;
			buildConfigurations = (
				6929094421E870830021B3FE /* Debug */,
				6929094521E870830021B3FE /* Release */,
			);
			defaultConfigurationIsVisible = 0;
			defaultConfigurationName = Release;
		};
		6929094621E870830021B3FE /* Build configuration list for PBXNativeTarget "ScreenSaver" */ = {
			isa = XCConfigurationList;
			buildConfigurations = (
				6929094721E870830021B3FE /* Debug */,
				6929094821E870830021B3FE /* Release */,
			);
			defaultConfigurationIsVisible = 0;
			defaultConfigurationName = Release;
		};
		6929094921E870830021B3FE /* Build configuration list for PBXNativeTarget "ScreenSaverTests" */ = {
			isa = XCConfigurationList;
			buildConfigurations = (
				6929094A21E870830021B3FE /* Debug */,
				6929094B21E870830021B3FE /* Release */,
			);
			defaultConfigurationIsVisible = 0;
			defaultConfigurationName = Release;
		};
		6929094C21E870830021B3FE /* Build configuration list for PBXNativeTarget "ScreenSaverUITests" */ = {
			isa = XCConfigurationList;
			buildConfigurations = (
				6929094D21E870830021B3FE /* Debug */,
				6929094E21E870830021B3FE /* Release */,
			);
			defaultConfigurationIsVisible = 0;
			defaultConfigurationName = Release;
		};
/* End XCConfigurationList section */

/* Begin XCVersionGroup section */
		6929092521E870810021B3FE /* ScreenSaver.xcdatamodeld */ = {
			isa = XCVersionGroup;
			children = (
				6929092621E870810021B3FE /* ScreenSaver.xcdatamodel */,
			);
			currentVersion = 6929092621E870810021B3FE /* ScreenSaver.xcdatamodel */;
			path = ScreenSaver.xcdatamodeld;
			sourceTree = "<group>";
			versionGroupType = wrapper.xcdatamodel;
		};
/* End XCVersionGroup section */
	};
	rootObject = 6929091321E870810021B3FE /* Project object */;
}
